<Solution>
  <Folder Name="/Solution Items/">
    <File Path=".editorconfig" />
  </Folder>
  <Project Path="Cluster/Cluster.csproj" />
  <Project Path="Control/Control.csproj" />
  <Project Path="Kvm.Contracts/Kvm.Contracts.csproj" />
  <Folder Name="/Tests/">
    <Project Path="Tests/Kvm.RegressionTests/Kvm.RegressionTests.csproj" />
  </Folder>
</Solution>
